
Microsoft Visual Studio Solution File, Format Version 12.00
# Visual Studio Version 16
VisualStudioVersion = 16.0.32428.217
MinimumVisualStudioVersion = 10.0.40219.1
Project("{FAE04EC0-301F-11D3-BF4B-00C04F79EFBC}") = "Weselny ERP", "Weselny ERP\Weselny ERP.csproj", "{EFB92C26-CD5F-4483-BEAB-A0FA489CA2CA}"
EndProject
Global
	GlobalSection(SolutionConfigurationPlatforms) = preSolution
		Debug|Any CPU = Debug|Any CPU
		Release|Any CPU = Release|Any CPU
	EndGlobalSection
	GlobalSection(ProjectConfigurationPlatforms) = postSolution
		{EFB92C26-CD5F-4483-BEAB-A0FA489CA2CA}.Debug|Any CPU.ActiveCfg = Debug|Any CPU
		{EFB92C26-CD5F-4483-BEAB-A0FA489CA2CA}.Debug|Any CPU.Build.0 = Debug|Any CPU
		{EFB92C26-CD5F-4483-BEAB-A0FA489CA2CA}.Release|Any CPU.ActiveCfg = Release|Any CPU
		{EFB92C26-CD5F-4483-BEAB-A0FA489CA2CA}.Release|Any CPU.Build.0 = Release|Any CPU
	EndGlobalSection
	GlobalSection(SolutionProperties) = preSolution
		HideSolutionNode = FALSE
	EndGlobalSection
	GlobalSection(ExtensibilityGlobals) = postSolution
		SolutionGuid = {9069FE06-A016-4801-81A1-97CFCFFCA221}
	EndGlobalSection
EndGlobal
